
Microsoft Visual Studio Solution File, Format Version 12.00
# Visual Studio 14
VisualStudioVersion = 14.0.24720.0
MinimumVisualStudioVersion = 10.0.40219.1
Project("{FAE04EC0-301F-11D3-BF4B-00C04F79EFBC}") = "XamarinLedControl.Droid", "XamarinLedControl\XamarinLedControl.Droid\XamarinLedControl.Droid.csproj", "{95645515-4ACF-4CF3-81C4-0C9609E707CC}"
EndProject
Project("{FAE04EC0-301F-11D3-BF4B-00C04F79EFBC}") = "XamarinLedControl.iOS", "XamarinLedControl\XamarinLedControl.iOS\XamarinLedControl.iOS.csproj", "{1EC3F78F-955F-48E5-B951-8F6E018561FD}"
EndProject
Project("{FAE04EC0-301F-11D3-BF4B-00C04F79EFBC}") = "XamarinLedControl.WinPhone", "XamarinLedControl\XamarinLedControl.WinPhone\XamarinLedControl.WinPhone.csproj", "{DD814D35-29DF-42A0-BEDE-5A0D7994751E}"
EndProject
Project("{FAE04EC0-301F-11D3-BF4B-00C04F79EFBC}") = "XamarinLedControl.UWP", "XamarinLedControl\XamarinLedControl.UWP\XamarinLedControl.UWP.csproj", "{C3882F6A-05C5-49F3-A745-8E1FF29B2695}"
EndProject
Project("{FAE04EC0-301F-11D3-BF4B-00C04F79EFBC}") = "XamarinLedControl.Windows", "XamarinLedControl\XamarinLedControl.Windows\XamarinLedControl.Windows.csproj", "{E4CE4F09-C70B-4138-B4CE-DDE12761C3C6}"
EndProject
Project("{FAE04EC0-301F-11D3-BF4B-00C04F79EFBC}") = "XamarinLedControl", "XamarinLedControl\XamarinLedControl\XamarinLedControl.csproj", "{1EEBF9E2-9869-4AE3-ACF6-53C8896D4F6C}"
EndProject
Global
	GlobalSection(SolutionConfigurationPlatforms) = preSolution
		Ad-Hoc|Any CPU = Ad-Hoc|Any CPU
		Ad-Hoc|ARM = Ad-Hoc|ARM
		Ad-Hoc|iPhone = Ad-Hoc|iPhone
		Ad-Hoc|iPhoneSimulator = Ad-Hoc|iPhoneSimulator
		Ad-Hoc|x64 = Ad-Hoc|x64
		Ad-Hoc|x86 = Ad-Hoc|x86
		AppStore|Any CPU = AppStore|Any CPU
		AppStore|ARM = AppStore|ARM
		AppStore|iPhone = AppStore|iPhone
		AppStore|iPhoneSimulator = AppStore|iPhoneSimulator
		AppStore|x64 = AppStore|x64
		AppStore|x86 = AppStore|x86
		Debug|Any CPU = Debug|Any CPU
		Debug|ARM = Debug|ARM
		Debug|iPhone = Debug|iPhone
		Debug|iPhoneSimulator = Debug|iPhoneSimulator
		Debug|x64 = Debug|x64
		Debug|x86 = Debug|x86
		Release|Any CPU = Release|Any CPU
		Release|ARM = Release|ARM
		Release|iPhone = Release|iPhone
		Release|iPhoneSimulator = Release|iPhoneSimulator
		Release|x64 = Release|x64
		Release|x86 = Release|x86
	EndGlobalSection
	GlobalSection(ProjectConfigurationPlatforms) = postSolution
		{95645515-4ACF-4CF3-81C4-0C9609E707CC}.Ad-Hoc|Any CPU.ActiveCfg = Release|Any CPU
		{95645515-4ACF-4CF3-81C4-0C9609E707CC}.Ad-Hoc|Any CPU.Build.0 = Release|Any CPU
		{95645515-4ACF-4CF3-81C4-0C9609E707CC}.Ad-Hoc|Any CPU.Deploy.0 = Release|Any CPU
		{95645515-4ACF-4CF3-81C4-0C9609E707CC}.Ad-Hoc|ARM.ActiveCfg = Release|Any CPU
		{95645515-4ACF-4CF3-81C4-0C9609E707CC}.Ad-Hoc|ARM.Build.0 = Release|Any CPU
		{95645515-4ACF-4CF3-81C4-0C9609E707CC}.Ad-Hoc|ARM.Deploy.0 = Release|Any CPU
		{95645515-4ACF-4CF3-81C4-0C9609E707CC}.Ad-Hoc|iPhone.ActiveCfg = Release|Any CPU
		{95645515-4ACF-4CF3-81C4-0C9609E707CC}.Ad-Hoc|iPhone.Build.0 = Release|Any CPU
		{95645515-4ACF-4CF3-81C4-0C9609E707CC}.Ad-Hoc|iPhone.Deploy.0 = Release|Any CPU
		{95645515-4ACF-4CF3-81C4-0C9609E707CC}.Ad-Hoc|iPhoneSimulator.ActiveCfg = Release|Any CPU
		{95645515-4ACF-4CF3-81C4-0C9609E707CC}.Ad-Hoc|iPhoneSimulator.Build.0 = Release|Any CPU
		{95645515-4ACF-4CF3-81C4-0C9609E707CC}.Ad-Hoc|iPhoneSimulator.Deploy.0 = Release|Any CPU
		{95645515-4ACF-4CF3-81C4-0C9609E707CC}.Ad-Hoc|x64.ActiveCfg = Release|Any CPU
		{95645515-4ACF-4CF3-81C4-0C9609E707CC}.Ad-Hoc|x64.Build.0 = Release|Any CPU
		{95645515-4ACF-4CF3-81C4-0C9609E707CC}.Ad-Hoc|x64.Deploy.0 = Release|Any CPU
		{95645515-4ACF-4CF3-81C4-0C9609E707CC}.Ad-Hoc|x86.ActiveCfg = Release|Any CPU
		{95645515-4ACF-4CF3-81C4-0C9609E707CC}.Ad-Hoc|x86.Build.0 = Release|Any CPU
		{95645515-4ACF-4CF3-81C4-0C9609E707CC}.Ad-Hoc|x86.Deploy.0 = Release|Any CPU
		{95645515-4ACF-4CF3-81C4-0C9609E707CC}.AppStore|Any CPU.ActiveCfg = Release|Any CPU
		{95645515-4ACF-4CF3-81C4-0C9609E707CC}.AppStore|Any CPU.Build.0 = Release|Any CPU
		{95645515-4ACF-4CF3-81C4-0C9609E707CC}.AppStore|Any CPU.Deploy.0 = Release|Any CPU
		{95645515-4ACF-4CF3-81C4-0C9609E707CC}.AppStore|ARM.ActiveCfg = Release|Any CPU
		{95645515-4ACF-4CF3-81C4-0C9609E707CC}.AppStore|ARM.Build.0 = Release|Any CPU
		{95645515-4ACF-4CF3-81C4-0C9609E707CC}.AppStore|ARM.Deploy.0 = Release|Any CPU
		{95645515-4ACF-4CF3-81C4-0C9609E707CC}.AppStore|iPhone.ActiveCfg = Release|Any CPU
		{95645515-4ACF-4CF3-81C4-0C9609E707CC}.AppStore|iPhone.Build.0 = Release|Any CPU
		{95645515-4ACF-4CF3-81C4-0C9609E707CC}.AppStore|iPhone.Deploy.0 = Release|Any CPU
		{95645515-4ACF-4CF3-81C4-0C9609E707CC}.AppStore|iPhoneSimulator.ActiveCfg = Release|Any CPU
		{95645515-4ACF-4CF3-81C4-0C9609E707CC}.AppStore|iPhoneSimulator.Build.0 = Release|Any CPU
		{95645515-4ACF-4CF3-81C4-0C9609E707CC}.AppStore|iPhoneSimulator.Deploy.0 = Release|Any CPU
		{95645515-4ACF-4CF3-81C4-0C9609E707CC}.AppStore|x64.ActiveCfg = Release|Any CPU
		{95645515-4ACF-4CF3-81C4-0C9609E707CC}.AppStore|x64.Build.0 = Release|Any CPU
		{95645515-4ACF-4CF3-81C4-0C9609E707CC}.AppStore|x64.Deploy.0 = Release|Any CPU
		{95645515-4ACF-4CF3-81C4-0C9609E707CC}.AppStore|x86.ActiveCfg = Release|Any CPU
		{95645515-4ACF-4CF3-81C4-0C9609E707CC}.AppStore|x86.Build.0 = Release|Any CPU
		{95645515-4ACF-4CF3-81C4-0C9609E707CC}.AppStore|x86.Deploy.0 = Release|Any CPU
		{95645515-4ACF-4CF3-81C4-0C9609E707CC}.Debug|Any CPU.ActiveCfg = Debug|Any CPU
		{95645515-4ACF-4CF3-81C4-0C9609E707CC}.Debug|Any CPU.Build.0 = Debug|Any CPU
		{95645515-4ACF-4CF3-81C4-0C9609E707CC}.Debug|Any CPU.Deploy.0 = Debug|Any CPU
		{95645515-4ACF-4CF3-81C4-0C9609E707CC}.Debug|ARM.ActiveCfg = Debug|Any CPU
		{95645515-4ACF-4CF3-81C4-0C9609E707CC}.Debug|ARM.Build.0 = Debug|Any CPU
		{95645515-4ACF-4CF3-81C4-0C9609E707CC}.Debug|ARM.Deploy.0 = Debug|Any CPU
		{95645515-4ACF-4CF3-81C4-0C9609E707CC}.Debug|iPhone.ActiveCfg = Debug|Any CPU
		{95645515-4ACF-4CF3-81C4-0C9609E707CC}.Debug|iPhone.Build.0 = Debug|Any CPU
		{95645515-4ACF-4CF3-81C4-0C9609E707CC}.Debug|iPhone.Deploy.0 = Debug|Any CPU
		{95645515-4ACF-4CF3-81C4-0C9609E707CC}.Debug|iPhoneSimulator.ActiveCfg = Debug|Any CPU
		{95645515-4ACF-4CF3-81C4-0C9609E707CC}.Debug|iPhoneSimulator.Build.0 = Debug|Any CPU
		{95645515-4ACF-4CF3-81C4-0C9609E707CC}.Debug|iPhoneSimulator.Deploy.0 = Debug|Any CPU
		{95645515-4ACF-4CF3-81C4-0C9609E707CC}.Debug|x64.ActiveCfg = Debug|Any CPU
		{95645515-4ACF-4CF3-81C4-0C9609E707CC}.Debug|x64.Build.0 = Debug|Any CPU
		{95645515-4ACF-4CF3-81C4-0C9609E707CC}.Debug|x64.Deploy.0 = Debug|Any CPU
		{95645515-4ACF-4CF3-81C4-0C9609E707CC}.Debug|x86.ActiveCfg = Debug|Any CPU
		{95645515-4ACF-4CF3-81C4-0C9609E707CC}.Debug|x86.Build.0 = Debug|Any CPU
		{95645515-4ACF-4CF3-81C4-0C9609E707CC}.Debug|x86.Deploy.0 = Debug|Any CPU
		{95645515-4ACF-4CF3-81C4-0C9609E707CC}.Release|Any CPU.ActiveCfg = Release|Any CPU
		{95645515-4ACF-4CF3-81C4-0C9609E707CC}.Release|Any CPU.Build.0 = Release|Any CPU
		{95645515-4ACF-4CF3-81C4-0C9609E707CC}.Release|Any CPU.Deploy.0 = Release|Any CPU
		{95645515-4ACF-4CF3-81C4-0C9609E707CC}.Release|ARM.ActiveCfg = Release|Any CPU
		{95645515-4ACF-4CF3-81C4-0C9609E707CC}.Release|ARM.Build.0 = Release|Any CPU
		{95645515-4ACF-4CF3-81C4-0C9609E707CC}.Release|ARM.Deploy.0 = Release|Any CPU
		{95645515-4ACF-4CF3-81C4-0C9609E707CC}.Release|iPhone.ActiveCfg = Release|Any CPU
		{95645515-4ACF-4CF3-81C4-0C9609E707CC}.Release|iPhone.Build.0 = Release|Any CPU
		{95645515-4ACF-4CF3-81C4-0C9609E707CC}.Release|iPhone.Deploy.0 = Release|Any CPU
		{95645515-4ACF-4CF3-81C4-0C9609E707CC}.Release|iPhoneSimulator.ActiveCfg = Release|Any CPU
		{95645515-4ACF-4CF3-81C4-0C9609E707CC}.Release|iPhoneSimulator.Build.0 = Release|Any CPU
		{95645515-4ACF-4CF3-81C4-0C9609E707CC}.Release|iPhoneSimulator.Deploy.0 = Release|Any CPU
		{95645515-4ACF-4CF3-81C4-0C9609E707CC}.Release|x64.ActiveCfg = Release|Any CPU
		{95645515-4ACF-4CF3-81C4-0C9609E707CC}.Release|x64.Build.0 = Release|Any CPU
		{95645515-4ACF-4CF3-81C4-0C9609E707CC}.Release|x64.Deploy.0 = Release|Any CPU
		{95645515-4ACF-4CF3-81C4-0C9609E707CC}.Release|x86.ActiveCfg = Release|Any CPU
		{95645515-4ACF-4CF3-81C4-0C9609E707CC}.Release|x86.Build.0 = Release|Any CPU
		{95645515-4ACF-4CF3-81C4-0C9609E707CC}.Release|x86.Deploy.0 = Release|Any CPU
		{1EC3F78F-955F-48E5-B951-8F6E018561FD}.Ad-Hoc|Any CPU.ActiveCfg = Ad-Hoc|iPhone
		{1EC3F78F-955F-48E5-B951-8F6E018561FD}.Ad-Hoc|ARM.ActiveCfg = Ad-Hoc|iPhone
		{1EC3F78F-955F-48E5-B951-8F6E018561FD}.Ad-Hoc|iPhone.ActiveCfg = Ad-Hoc|iPhone
		{1EC3F78F-955F-48E5-B951-8F6E018561FD}.Ad-Hoc|iPhone.Build.0 = Ad-Hoc|iPhone
		{1EC3F78F-955F-48E5-B951-8F6E018561FD}.Ad-Hoc|iPhoneSimulator.ActiveCfg = Ad-Hoc|iPhoneSimulator
		{1EC3F78F-955F-48E5-B951-8F6E018561FD}.Ad-Hoc|iPhoneSimulator.Build.0 = Ad-Hoc|iPhoneSimulator
		{1EC3F78F-955F-48E5-B951-8F6E018561FD}.Ad-Hoc|x64.ActiveCfg = Ad-Hoc|iPhone
		{1EC3F78F-955F-48E5-B951-8F6E018561FD}.Ad-Hoc|x86.ActiveCfg = Ad-Hoc|iPhone
		{1EC3F78F-955F-48E5-B951-8F6E018561FD}.AppStore|Any CPU.ActiveCfg = AppStore|iPhone
		{1EC3F78F-955F-48E5-B951-8F6E018561FD}.AppStore|ARM.ActiveCfg = AppStore|iPhone
		{1EC3F78F-955F-48E5-B951-8F6E018561FD}.AppStore|iPhone.ActiveCfg = AppStore|iPhone
		{1EC3F78F-955F-48E5-B951-8F6E018561FD}.AppStore|iPhone.Build.0 = AppStore|iPhone
		{1EC3F78F-955F-48E5-B951-8F6E018561FD}.AppStore|iPhoneSimulator.ActiveCfg = AppStore|iPhoneSimulator
		{1EC3F78F-955F-48E5-B951-8F6E018561FD}.AppStore|iPhoneSimulator.Build.0 = AppStore|iPhoneSimulator
		{1EC3F78F-955F-48E5-B951-8F6E018561FD}.AppStore|x64.ActiveCfg = AppStore|iPhone
		{1EC3F78F-955F-48E5-B951-8F6E018561FD}.AppStore|x86.ActiveCfg = AppStore|iPhone
		{1EC3F78F-955F-48E5-B951-8F6E018561FD}.Debug|Any CPU.ActiveCfg = Debug|iPhone
		{1EC3F78F-955F-48E5-B951-8F6E018561FD}.Debug|ARM.ActiveCfg = Debug|iPhone
		{1EC3F78F-955F-48E5-B951-8F6E018561FD}.Debug|iPhone.ActiveCfg = Debug|iPhone
		{1EC3F78F-955F-48E5-B951-8F6E018561FD}.Debug|iPhone.Build.0 = Debug|iPhone
		{1EC3F78F-955F-48E5-B951-8F6E018561FD}.Debug|iPhoneSimulator.ActiveCfg = Debug|iPhoneSimulator
		{1EC3F78F-955F-48E5-B951-8F6E018561FD}.Debug|iPhoneSimulator.Build.0 = Debug|iPhoneSimulator
		{1EC3F78F-955F-48E5-B951-8F6E018561FD}.Debug|x64.ActiveCfg = Debug|iPhone
		{1EC3F78F-955F-48E5-B951-8F6E018561FD}.Debug|x86.ActiveCfg = Debug|iPhone
		{1EC3F78F-955F-48E5-B951-8F6E018561FD}.Release|Any CPU.ActiveCfg = Release|iPhone
		{1EC3F78F-955F-48E5-B951-8F6E018561FD}.Release|ARM.ActiveCfg = Release|iPhone
		{1EC3F78F-955F-48E5-B951-8F6E018561FD}.Release|iPhone.ActiveCfg = Release|iPhone
		{1EC3F78F-955F-48E5-B951-8F6E018561FD}.Release|iPhone.Build.0 = Release|iPhone
		{1EC3F78F-955F-48E5-B951-8F6E018561FD}.Release|iPhoneSimulator.ActiveCfg = Release|iPhoneSimulator
		{1EC3F78F-955F-48E5-B951-8F6E018561FD}.Release|iPhoneSimulator.Build.0 = Release|iPhoneSimulator
		{1EC3F78F-955F-48E5-B951-8F6E018561FD}.Release|x64.ActiveCfg = Release|iPhone
		{1EC3F78F-955F-48E5-B951-8F6E018561FD}.Release|x86.ActiveCfg = Release|iPhone
		{DD814D35-29DF-42A0-BEDE-5A0D7994751E}.Ad-Hoc|Any CPU.ActiveCfg = Release|Any CPU
		{DD814D35-29DF-42A0-BEDE-5A0D7994751E}.Ad-Hoc|Any CPU.Build.0 = Release|Any CPU
		{DD814D35-29DF-42A0-BEDE-5A0D7994751E}.Ad-Hoc|Any CPU.Deploy.0 = Release|Any CPU
		{DD814D35-29DF-42A0-BEDE-5A0D7994751E}.Ad-Hoc|ARM.ActiveCfg = Release|ARM
		{DD814D35-29DF-42A0-BEDE-5A0D7994751E}.Ad-Hoc|ARM.Build.0 = Release|ARM
		{DD814D35-29DF-42A0-BEDE-5A0D7994751E}.Ad-Hoc|ARM.Deploy.0 = Release|ARM
		{DD814D35-29DF-42A0-BEDE-5A0D7994751E}.Ad-Hoc|iPhone.ActiveCfg = Release|Any CPU
		{DD814D35-29DF-42A0-BEDE-5A0D7994751E}.Ad-Hoc|iPhone.Build.0 = Release|Any CPU
		{DD814D35-29DF-42A0-BEDE-5A0D7994751E}.Ad-Hoc|iPhone.Deploy.0 = Release|Any CPU
		{DD814D35-29DF-42A0-BEDE-5A0D7994751E}.Ad-Hoc|iPhoneSimulator.ActiveCfg = Release|Any CPU
		{DD814D35-29DF-42A0-BEDE-5A0D7994751E}.Ad-Hoc|iPhoneSimulator.Build.0 = Release|Any CPU
		{DD814D35-29DF-42A0-BEDE-5A0D7994751E}.Ad-Hoc|iPhoneSimulator.Deploy.0 = Release|Any CPU
		{DD814D35-29DF-42A0-BEDE-5A0D7994751E}.Ad-Hoc|x64.ActiveCfg = Release|Any CPU
		{DD814D35-29DF-42A0-BEDE-5A0D7994751E}.Ad-Hoc|x64.Build.0 = Release|Any CPU
		{DD814D35-29DF-42A0-BEDE-5A0D7994751E}.Ad-Hoc|x64.Deploy.0 = Release|Any CPU
		{DD814D35-29DF-42A0-BEDE-5A0D7994751E}.Ad-Hoc|x86.ActiveCfg = Release|x86
		{DD814D35-29DF-42A0-BEDE-5A0D7994751E}.Ad-Hoc|x86.Build.0 = Release|x86
		{DD814D35-29DF-42A0-BEDE-5A0D7994751E}.Ad-Hoc|x86.Deploy.0 = Release|x86
		{DD814D35-29DF-42A0-BEDE-5A0D7994751E}.AppStore|Any CPU.ActiveCfg = Release|Any CPU
		{DD814D35-29DF-42A0-BEDE-5A0D7994751E}.AppStore|Any CPU.Build.0 = Release|Any CPU
		{DD814D35-29DF-42A0-BEDE-5A0D7994751E}.AppStore|Any CPU.Deploy.0 = Release|Any CPU
		{DD814D35-29DF-42A0-BEDE-5A0D7994751E}.AppStore|ARM.ActiveCfg = Release|ARM
		{DD814D35-29DF-42A0-BEDE-5A0D7994751E}.AppStore|ARM.Build.0 = Release|ARM
		{DD814D35-29DF-42A0-BEDE-5A0D7994751E}.AppStore|ARM.Deploy.0 = Release|ARM
		{DD814D35-29DF-42A0-BEDE-5A0D7994751E}.AppStore|iPhone.ActiveCfg = Release|Any CPU
		{DD814D35-29DF-42A0-BEDE-5A0D7994751E}.AppStore|iPhone.Build.0 = Release|Any CPU
		{DD814D35-29DF-42A0-BEDE-5A0D7994751E}.AppStore|iPhone.Deploy.0 = Release|Any CPU
		{DD814D35-29DF-42A0-BEDE-5A0D7994751E}.AppStore|iPhoneSimulator.ActiveCfg = Release|Any CPU
		{DD814D35-29DF-42A0-BEDE-5A0D7994751E}.AppStore|iPhoneSimulator.Build.0 = Release|Any CPU
		{DD814D35-29DF-42A0-BEDE-5A0D7994751E}.AppStore|iPhoneSimulator.Deploy.0 = Release|Any CPU
		{DD814D35-29DF-42A0-BEDE-5A0D7994751E}.AppStore|x64.ActiveCfg = Release|Any CPU
		{DD814D35-29DF-42A0-BEDE-5A0D7994751E}.AppStore|x64.Build.0 = Release|Any CPU
		{DD814D35-29DF-42A0-BEDE-5A0D7994751E}.AppStore|x64.Deploy.0 = Release|Any CPU
		{DD814D35-29DF-42A0-BEDE-5A0D7994751E}.AppStore|x86.ActiveCfg = Release|x86
		{DD814D35-29DF-42A0-BEDE-5A0D7994751E}.AppStore|x86.Build.0 = Release|x86
		{DD814D35-29DF-42A0-BEDE-5A0D7994751E}.AppStore|x86.Deploy.0 = Release|x86
		{DD814D35-29DF-42A0-BEDE-5A0D7994751E}.Debug|Any CPU.ActiveCfg = Debug|Any CPU
		{DD814D35-29DF-42A0-BEDE-5A0D7994751E}.Debug|Any CPU.Build.0 = Debug|Any CPU
		{DD814D35-29DF-42A0-BEDE-5A0D7994751E}.Debug|Any CPU.Deploy.0 = Debug|Any CPU
		{DD814D35-29DF-42A0-BEDE-5A0D7994751E}.Debug|ARM.ActiveCfg = Debug|ARM
		{DD814D35-29DF-42A0-BEDE-5A0D7994751E}.Debug|ARM.Build.0 = Debug|ARM
		{DD814D35-29DF-42A0-BEDE-5A0D7994751E}.Debug|ARM.Deploy.0 = Debug|ARM
		{DD814D35-29DF-42A0-BEDE-5A0D7994751E}.Debug|iPhone.ActiveCfg = Debug|Any CPU
		{DD814D35-29DF-42A0-BEDE-5A0D7994751E}.Debug|iPhone.Build.0 = Debug|Any CPU
		{DD814D35-29DF-42A0-BEDE-5A0D7994751E}.Debug|iPhone.Deploy.0 = Debug|Any CPU
		{DD814D35-29DF-42A0-BEDE-5A0D7994751E}.Debug|iPhoneSimulator.ActiveCfg = Debug|Any CPU
		{DD814D35-29DF-42A0-BEDE-5A0D7994751E}.Debug|iPhoneSimulator.Build.0 = Debug|Any CPU
		{DD814D35-29DF-42A0-BEDE-5A0D7994751E}.Debug|iPhoneSimulator.Deploy.0 = Debug|Any CPU
		{DD814D35-29DF-42A0-BEDE-5A0D7994751E}.Debug|x64.ActiveCfg = Debug|Any CPU
		{DD814D35-29DF-42A0-BEDE-5A0D7994751E}.Debug|x64.Build.0 = Debug|Any CPU
		{DD814D35-29DF-42A0-BEDE-5A0D7994751E}.Debug|x64.Deploy.0 = Debug|Any CPU
		{DD814D35-29DF-42A0-BEDE-5A0D7994751E}.Debug|x86.ActiveCfg = Debug|x86
		{DD814D35-29DF-42A0-BEDE-5A0D7994751E}.Debug|x86.Build.0 = Debug|x86
		{DD814D35-29DF-42A0-BEDE-5A0D7994751E}.Debug|x86.Deploy.0 = Debug|x86
		{DD814D35-29DF-42A0-BEDE-5A0D7994751E}.Release|Any CPU.ActiveCfg = Release|Any CPU
		{DD814D35-29DF-42A0-BEDE-5A0D7994751E}.Release|Any CPU.Build.0 = Release|Any CPU
		{DD814D35-29DF-42A0-BEDE-5A0D7994751E}.Release|Any CPU.Deploy.0 = Release|Any CPU
		{DD814D35-29DF-42A0-BEDE-5A0D7994751E}.Release|ARM.ActiveCfg = Release|ARM
		{DD814D35-29DF-42A0-BEDE-5A0D7994751E}.Release|ARM.Build.0 = Release|ARM
		{DD814D35-29DF-42A0-BEDE-5A0D7994751E}.Release|ARM.Deploy.0 = Release|ARM
		{DD814D35-29DF-42A0-BEDE-5A0D7994751E}.Release|iPhone.ActiveCfg = Release|Any CPU
		{DD814D35-29DF-42A0-BEDE-5A0D7994751E}.Release|iPhone.Build.0 = Release|Any CPU
		{DD814D35-29DF-42A0-BEDE-5A0D7994751E}.Release|iPhone.Deploy.0 = Release|Any CPU
		{DD814D35-29DF-42A0-BEDE-5A0D7994751E}.Release|iPhoneSimulator.ActiveCfg = Release|Any CPU
		{DD814D35-29DF-42A0-BEDE-5A0D7994751E}.Release|iPhoneSimulator.Build.0 = Release|Any CPU
		{DD814D35-29DF-42A0-BEDE-5A0D7994751E}.Release|iPhoneSimulator.Deploy.0 = Release|Any CPU
		{DD814D35-29DF-42A0-BEDE-5A0D7994751E}.Release|x64.ActiveCfg = Release|Any CPU
		{DD814D35-29DF-42A0-BEDE-5A0D7994751E}.Release|x64.Build.0 = Release|Any CPU
		{DD814D35-29DF-42A0-BEDE-5A0D7994751E}.Release|x64.Deploy.0 = Release|Any CPU
		{DD814D35-29DF-42A0-BEDE-5A0D7994751E}.Release|x86.ActiveCfg = Release|x86
		{DD814D35-29DF-42A0-BEDE-5A0D7994751E}.Release|x86.Build.0 = Release|x86
		{DD814D35-29DF-42A0-BEDE-5A0D7994751E}.Release|x86.Deploy.0 = Release|x86
		{C3882F6A-05C5-49F3-A745-8E1FF29B2695}.Ad-Hoc|Any CPU.ActiveCfg = Release|x86
		{C3882F6A-05C5-49F3-A745-8E1FF29B2695}.Ad-Hoc|Any CPU.Build.0 = Release|x86
		{C3882F6A-05C5-49F3-A745-8E1FF29B2695}.Ad-Hoc|Any CPU.Deploy.0 = Release|x86
		{C3882F6A-05C5-49F3-A745-8E1FF29B2695}.Ad-Hoc|ARM.ActiveCfg = Release|ARM
		{C3882F6A-05C5-49F3-A745-8E1FF29B2695}.Ad-Hoc|ARM.Build.0 = Release|ARM
		{C3882F6A-05C5-49F3-A745-8E1FF29B2695}.Ad-Hoc|ARM.Deploy.0 = Release|ARM
		{C3882F6A-05C5-49F3-A745-8E1FF29B2695}.Ad-Hoc|iPhone.ActiveCfg = Release|x86
		{C3882F6A-05C5-49F3-A745-8E1FF29B2695}.Ad-Hoc|iPhone.Build.0 = Release|x86
		{C3882F6A-05C5-49F3-A745-8E1FF29B2695}.Ad-Hoc|iPhone.Deploy.0 = Release|x86
		{C3882F6A-05C5-49F3-A745-8E1FF29B2695}.Ad-Hoc|iPhoneSimulator.ActiveCfg = Release|x86
		{C3882F6A-05C5-49F3-A745-8E1FF29B2695}.Ad-Hoc|iPhoneSimulator.Build.0 = Release|x86
		{C3882F6A-05C5-49F3-A745-8E1FF29B2695}.Ad-Hoc|iPhoneSimulator.Deploy.0 = Release|x86
		{C3882F6A-05C5-49F3-A745-8E1FF29B2695}.Ad-Hoc|x64.ActiveCfg = Release|x64
		{C3882F6A-05C5-49F3-A745-8E1FF29B2695}.Ad-Hoc|x64.Build.0 = Release|x64
		{C3882F6A-05C5-49F3-A745-8E1FF29B2695}.Ad-Hoc|x64.Deploy.0 = Release|x64
		{C3882F6A-05C5-49F3-A745-8E1FF29B2695}.Ad-Hoc|x86.ActiveCfg = Release|x86
		{C3882F6A-05C5-49F3-A745-8E1FF29B2695}.Ad-Hoc|x86.Build.0 = Release|x86
		{C3882F6A-05C5-49F3-A745-8E1FF29B2695}.Ad-Hoc|x86.Deploy.0 = Release|x86
		{C3882F6A-05C5-49F3-A745-8E1FF29B2695}.AppStore|Any CPU.ActiveCfg = Release|x86
		{C3882F6A-05C5-49F3-A745-8E1FF29B2695}.AppStore|Any CPU.Build.0 = Release|x86
		{C3882F6A-05C5-49F3-A745-8E1FF29B2695}.AppStore|Any CPU.Deploy.0 = Release|x86
		{C3882F6A-05C5-49F3-A745-8E1FF29B2695}.AppStore|ARM.ActiveCfg = Release|ARM
		{C3882F6A-05C5-49F3-A745-8E1FF29B2695}.AppStore|ARM.Build.0 = Release|ARM
		{C3882F6A-05C5-49F3-A745-8E1FF29B2695}.AppStore|ARM.Deploy.0 = Release|ARM
		{C3882F6A-05C5-49F3-A745-8E1FF29B2695}.AppStore|iPhone.ActiveCfg = Release|x86
		{C3882F6A-05C5-49F3-A745-8E1FF29B2695}.AppStore|iPhone.Build.0 = Release|x86
		{C3882F6A-05C5-49F3-A745-8E1FF29B2695}.AppStore|iPhone.Deploy.0 = Release|x86
		{C3882F6A-05C5-49F3-A745-8E1FF29B2695}.AppStore|iPhoneSimulator.ActiveCfg = Release|x86
		{C3882F6A-05C5-49F3-A745-8E1FF29B2695}.AppStore|iPhoneSimulator.Build.0 = Release|x86
		{C3882F6A-05C5-49F3-A745-8E1FF29B2695}.AppStore|iPhoneSimulator.Deploy.0 = Release|x86
		{C3882F6A-05C5-49F3-A745-8E1FF29B2695}.AppStore|x64.ActiveCfg = Release|x64
		{C3882F6A-05C5-49F3-A745-8E1FF29B2695}.AppStore|x64.Build.0 = Release|x64
		{C3882F6A-05C5-49F3-A745-8E1FF29B2695}.AppStore|x64.Deploy.0 = Release|x64
		{C3882F6A-05C5-49F3-A745-8E1FF29B2695}.AppStore|x86.ActiveCfg = Release|x86
		{C3882F6A-05C5-49F3-A745-8E1FF29B2695}.AppStore|x86.Build.0 = Release|x86
		{C3882F6A-05C5-49F3-A745-8E1FF29B2695}.AppStore|x86.Deploy.0 = Release|x86
		{C3882F6A-05C5-49F3-A745-8E1FF29B2695}.Debug|Any CPU.ActiveCfg = Debug|x86
		{C3882F6A-05C5-49F3-A745-8E1FF29B2695}.Debug|ARM.ActiveCfg = Debug|ARM
		{C3882F6A-05C5-49F3-A745-8E1FF29B2695}.Debug|ARM.Build.0 = Debug|ARM
		{C3882F6A-05C5-49F3-A745-8E1FF29B2695}.Debug|ARM.Deploy.0 = Debug|ARM
		{C3882F6A-05C5-49F3-A745-8E1FF29B2695}.Debug|iPhone.ActiveCfg = Debug|x86
		{C3882F6A-05C5-49F3-A745-8E1FF29B2695}.Debug|iPhoneSimulator.ActiveCfg = Debug|x86
		{C3882F6A-05C5-49F3-A745-8E1FF29B2695}.Debug|x64.ActiveCfg = Debug|x64
		{C3882F6A-05C5-49F3-A745-8E1FF29B2695}.Debug|x64.Build.0 = Debug|x64
		{C3882F6A-05C5-49F3-A745-8E1FF29B2695}.Debug|x64.Deploy.0 = Debug|x64
		{C3882F6A-05C5-49F3-A745-8E1FF29B2695}.Debug|x86.ActiveCfg = Debug|x86
		{C3882F6A-05C5-49F3-A745-8E1FF29B2695}.Debug|x86.Build.0 = Debug|x86
		{C3882F6A-05C5-49F3-A745-8E1FF29B2695}.Debug|x86.Deploy.0 = Debug|x86
		{C3882F6A-05C5-49F3-A745-8E1FF29B2695}.Release|Any CPU.ActiveCfg = Release|x86
		{C3882F6A-05C5-49F3-A745-8E1FF29B2695}.Release|ARM.ActiveCfg = Release|ARM
		{C3882F6A-05C5-49F3-A745-8E1FF29B2695}.Release|ARM.Build.0 = Release|ARM
		{C3882F6A-05C5-49F3-A745-8E1FF29B2695}.Release|ARM.Deploy.0 = Release|ARM
		{C3882F6A-05C5-49F3-A745-8E1FF29B2695}.Release|iPhone.ActiveCfg = Release|x86
		{C3882F6A-05C5-49F3-A745-8E1FF29B2695}.Release|iPhoneSimulator.ActiveCfg = Release|x86
		{C3882F6A-05C5-49F3-A745-8E1FF29B2695}.Release|x64.ActiveCfg = Release|x64
		{C3882F6A-05C5-49F3-A745-8E1FF29B2695}.Release|x64.Build.0 = Release|x64
		{C3882F6A-05C5-49F3-A745-8E1FF29B2695}.Release|x64.Deploy.0 = Release|x64
		{C3882F6A-05C5-49F3-A745-8E1FF29B2695}.Release|x86.ActiveCfg = Release|x86
		{C3882F6A-05C5-49F3-A745-8E1FF29B2695}.Release|x86.Build.0 = Release|x86
		{C3882F6A-05C5-49F3-A745-8E1FF29B2695}.Release|x86.Deploy.0 = Release|x86
		{E4CE4F09-C70B-4138-B4CE-DDE12761C3C6}.Ad-Hoc|Any CPU.ActiveCfg = Release|Any CPU
		{E4CE4F09-C70B-4138-B4CE-DDE12761C3C6}.Ad-Hoc|Any CPU.Build.0 = Release|Any CPU
		{E4CE4F09-C70B-4138-B4CE-DDE12761C3C6}.Ad-Hoc|Any CPU.Deploy.0 = Release|Any CPU
		{E4CE4F09-C70B-4138-B4CE-DDE12761C3C6}.Ad-Hoc|ARM.ActiveCfg = Release|ARM
		{E4CE4F09-C70B-4138-B4CE-DDE12761C3C6}.Ad-Hoc|ARM.Build.0 = Release|ARM
		{E4CE4F09-C70B-4138-B4CE-DDE12761C3C6}.Ad-Hoc|ARM.Deploy.0 = Release|ARM
		{E4CE4F09-C70B-4138-B4CE-DDE12761C3C6}.Ad-Hoc|iPhone.ActiveCfg = Release|Any CPU
		{E4CE4F09-C70B-4138-B4CE-DDE12761C3C6}.Ad-Hoc|iPhone.Build.0 = Release|Any CPU
		{E4CE4F09-C70B-4138-B4CE-DDE12761C3C6}.Ad-Hoc|iPhone.Deploy.0 = Release|Any CPU
		{E4CE4F09-C70B-4138-B4CE-DDE12761C3C6}.Ad-Hoc|iPhoneSimulator.ActiveCfg = Release|Any CPU
		{E4CE4F09-C70B-4138-B4CE-DDE12761C3C6}.Ad-Hoc|iPhoneSimulator.Build.0 = Release|Any CPU
		{E4CE4F09-C70B-4138-B4CE-DDE12761C3C6}.Ad-Hoc|iPhoneSimulator.Deploy.0 = Release|Any CPU
		{E4CE4F09-C70B-4138-B4CE-DDE12761C3C6}.Ad-Hoc|x64.ActiveCfg = Release|x64
		{E4CE4F09-C70B-4138-B4CE-DDE12761C3C6}.Ad-Hoc|x64.Build.0 = Release|x64
		{E4CE4F09-C70B-4138-B4CE-DDE12761C3C6}.Ad-Hoc|x64.Deploy.0 = Release|x64
		{E4CE4F09-C70B-4138-B4CE-DDE12761C3C6}.Ad-Hoc|x86.ActiveCfg = Release|x86
		{E4CE4F09-C70B-4138-B4CE-DDE12761C3C6}.Ad-Hoc|x86.Build.0 = Release|x86
		{E4CE4F09-C70B-4138-B4CE-DDE12761C3C6}.Ad-Hoc|x86.Deploy.0 = Release|x86
		{E4CE4F09-C70B-4138-B4CE-DDE12761C3C6}.AppStore|Any CPU.ActiveCfg = Release|Any CPU
		{E4CE4F09-C70B-4138-B4CE-DDE12761C3C6}.AppStore|Any CPU.Build.0 = Release|Any CPU
		{E4CE4F09-C70B-4138-B4CE-DDE12761C3C6}.AppStore|Any CPU.Deploy.0 = Release|Any CPU
		{E4CE4F09-C70B-4138-B4CE-DDE12761C3C6}.AppStore|ARM.ActiveCfg = Release|ARM
		{E4CE4F09-C70B-4138-B4CE-DDE12761C3C6}.AppStore|ARM.Build.0 = Release|ARM
		{E4CE4F09-C70B-4138-B4CE-DDE12761C3C6}.AppStore|ARM.Deploy.0 = Release|ARM
		{E4CE4F09-C70B-4138-B4CE-DDE12761C3C6}.AppStore|iPhone.ActiveCfg = Release|Any CPU
		{E4CE4F09-C70B-4138-B4CE-DDE12761C3C6}.AppStore|iPhone.Build.0 = Release|Any CPU
		{E4CE4F09-C70B-4138-B4CE-DDE12761C3C6}.AppStore|iPhone.Deploy.0 = Release|Any CPU
		{E4CE4F09-C70B-4138-B4CE-DDE12761C3C6}.AppStore|iPhoneSimulator.ActiveCfg = Release|Any CPU
		{E4CE4F09-C70B-4138-B4CE-DDE12761C3C6}.AppStore|iPhoneSimulator.Build.0 = Release|Any CPU
		{E4CE4F09-C70B-4138-B4CE-DDE12761C3C6}.AppStore|iPhoneSimulator.Deploy.0 = Release|Any CPU
		{E4CE4F09-C70B-4138-B4CE-DDE12761C3C6}.AppStore|x64.ActiveCfg = Release|x64
		{E4CE4F09-C70B-4138-B4CE-DDE12761C3C6}.AppStore|x64.Build.0 = Release|x64
		{E4CE4F09-C70B-4138-B4CE-DDE12761C3C6}.AppStore|x64.Deploy.0 = Release|x64
		{E4CE4F09-C70B-4138-B4CE-DDE12761C3C6}.AppStore|x86.ActiveCfg = Release|x86
		{E4CE4F09-C70B-4138-B4CE-DDE12761C3C6}.AppStore|x86.Build.0 = Release|x86
		{E4CE4F09-C70B-4138-B4CE-DDE12761C3C6}.AppStore|x86.Deploy.0 = Release|x86
		{E4CE4F09-C70B-4138-B4CE-DDE12761C3C6}.Debug|Any CPU.ActiveCfg = Debug|Any CPU
		{E4CE4F09-C70B-4138-B4CE-DDE12761C3C6}.Debug|Any CPU.Build.0 = Debug|Any CPU
		{E4CE4F09-C70B-4138-B4CE-DDE12761C3C6}.Debug|Any CPU.Deploy.0 = Debug|Any CPU
		{E4CE4F09-C70B-4138-B4CE-DDE12761C3C6}.Debug|ARM.ActiveCfg = Debug|ARM
		{E4CE4F09-C70B-4138-B4CE-DDE12761C3C6}.Debug|ARM.Build.0 = Debug|ARM
		{E4CE4F09-C70B-4138-B4CE-DDE12761C3C6}.Debug|ARM.Deploy.0 = Debug|ARM
		{E4CE4F09-C70B-4138-B4CE-DDE12761C3C6}.Debug|iPhone.ActiveCfg = Debug|Any CPU
		{E4CE4F09-C70B-4138-B4CE-DDE12761C3C6}.Debug|iPhone.Build.0 = Debug|Any CPU
		{E4CE4F09-C70B-4138-B4CE-DDE12761C3C6}.Debug|iPhone.Deploy.0 = Debug|Any CPU
		{E4CE4F09-C70B-4138-B4CE-DDE12761C3C6}.Debug|iPhoneSimulator.ActiveCfg = Debug|Any CPU
		{E4CE4F09-C70B-4138-B4CE-DDE12761C3C6}.Debug|iPhoneSimulator.Build.0 = Debug|Any CPU
		{E4CE4F09-C70B-4138-B4CE-DDE12761C3C6}.Debug|iPhoneSimulator.Deploy.0 = Debug|Any CPU
		{E4CE4F09-C70B-4138-B4CE-DDE12761C3C6}.Debug|x64.ActiveCfg = Debug|x64
		{E4CE4F09-C70B-4138-B4CE-DDE12761C3C6}.Debug|x64.Build.0 = Debug|x64
		{E4CE4F09-C70B-4138-B4CE-DDE12761C3C6}.Debug|x64.Deploy.0 = Debug|x64
		{E4CE4F09-C70B-4138-B4CE-DDE12761C3C6}.Debug|x86.ActiveCfg = Debug|x86
		{E4CE4F09-C70B-4138-B4CE-DDE12761C3C6}.Debug|x86.Build.0 = Debug|x86
		{E4CE4F09-C70B-4138-B4CE-DDE12761C3C6}.Debug|x86.Deploy.0 = Debug|x86
		{E4CE4F09-C70B-4138-B4CE-DDE12761C3C6}.Release|Any CPU.ActiveCfg = Release|Any CPU
		{E4CE4F09-C70B-4138-B4CE-DDE12761C3C6}.Release|Any CPU.Build.0 = Release|Any CPU
		{E4CE4F09-C70B-4138-B4CE-DDE12761C3C6}.Release|Any CPU.Deploy.0 = Release|Any CPU
		{E4CE4F09-C70B-4138-B4CE-DDE12761C3C6}.Release|ARM.ActiveCfg = Release|ARM
		{E4CE4F09-C70B-4138-B4CE-DDE12761C3C6}.Release|ARM.Build.0 = Release|ARM
		{E4CE4F09-C70B-4138-B4CE-DDE12761C3C6}.Release|ARM.Deploy.0 = Release|ARM
		{E4CE4F09-C70B-4138-B4CE-DDE12761C3C6}.Release|iPhone.ActiveCfg = Release|Any CPU
		{E4CE4F09-C70B-4138-B4CE-DDE12761C3C6}.Release|iPhone.Build.0 = Release|Any CPU
		{E4CE4F09-C70B-4138-B4CE-DDE12761C3C6}.Release|iPhone.Deploy.0 = Release|Any CPU
		{E4CE4F09-C70B-4138-B4CE-DDE12761C3C6}.Release|iPhoneSimulator.ActiveCfg = Release|Any CPU
		{E4CE4F09-C70B-4138-B4CE-DDE12761C3C6}.Release|iPhoneSimulator.Build.0 = Release|Any CPU
		{E4CE4F09-C70B-4138-B4CE-DDE12761C3C6}.Release|iPhoneSimulator.Deploy.0 = Release|Any CPU
		{E4CE4F09-C70B-4138-B4CE-DDE12761C3C6}.Release|x64.ActiveCfg = Release|x64
		{E4CE4F09-C70B-4138-B4CE-DDE12761C3C6}.Release|x64.Build.0 = Release|x64
		{E4CE4F09-C70B-4138-B4CE-DDE12761C3C6}.Release|x64.Deploy.0 = Release|x64
		{E4CE4F09-C70B-4138-B4CE-DDE12761C3C6}.Release|x86.ActiveCfg = Release|x86
		{E4CE4F09-C70B-4138-B4CE-DDE12761C3C6}.Release|x86.Build.0 = Release|x86
		{E4CE4F09-C70B-4138-B4CE-DDE12761C3C6}.Release|x86.Deploy.0 = Release|x86
		{1EEBF9E2-9869-4AE3-ACF6-53C8896D4F6C}.Ad-Hoc|Any CPU.ActiveCfg = Release|Any CPU
		{1EEBF9E2-9869-4AE3-ACF6-53C8896D4F6C}.Ad-Hoc|Any CPU.Build.0 = Release|Any CPU
		{1EEBF9E2-9869-4AE3-ACF6-53C8896D4F6C}.Ad-Hoc|ARM.ActiveCfg = Release|Any CPU
		{1EEBF9E2-9869-4AE3-ACF6-53C8896D4F6C}.Ad-Hoc|ARM.Build.0 = Release|Any CPU
		{1EEBF9E2-9869-4AE3-ACF6-53C8896D4F6C}.Ad-Hoc|iPhone.ActiveCfg = Release|Any CPU
		{1EEBF9E2-9869-4AE3-ACF6-53C8896D4F6C}.Ad-Hoc|iPhone.Build.0 = Release|Any CPU
		{1EEBF9E2-9869-4AE3-ACF6-53C8896D4F6C}.Ad-Hoc|iPhoneSimulator.ActiveCfg = Release|Any CPU
		{1EEBF9E2-9869-4AE3-ACF6-53C8896D4F6C}.Ad-Hoc|iPhoneSimulator.Build.0 = Release|Any CPU
		{1EEBF9E2-9869-4AE3-ACF6-53C8896D4F6C}.Ad-Hoc|x64.ActiveCfg = Release|Any CPU
		{1EEBF9E2-9869-4AE3-ACF6-53C8896D4F6C}.Ad-Hoc|x64.Build.0 = Release|Any CPU
		{1EEBF9E2-9869-4AE3-ACF6-53C8896D4F6C}.Ad-Hoc|x86.ActiveCfg = Release|Any CPU
		{1EEBF9E2-9869-4AE3-ACF6-53C8896D4F6C}.Ad-Hoc|x86.Build.0 = Release|Any CPU
		{1EEBF9E2-9869-4AE3-ACF6-53C8896D4F6C}.AppStore|Any CPU.ActiveCfg = Release|Any CPU
		{1EEBF9E2-9869-4AE3-ACF6-53C8896D4F6C}.AppStore|Any CPU.Build.0 = Release|Any CPU
		{1EEBF9E2-9869-4AE3-ACF6-53C8896D4F6C}.AppStore|ARM.ActiveCfg = Release|Any CPU
		{1EEBF9E2-9869-4AE3-ACF6-53C8896D4F6C}.AppStore|ARM.Build.0 = Release|Any CPU
		{1EEBF9E2-9869-4AE3-ACF6-53C8896D4F6C}.AppStore|iPhone.ActiveCfg = Release|Any CPU
		{1EEBF9E2-9869-4AE3-ACF6-53C8896D4F6C}.AppStore|iPhone.Build.0 = Release|Any CPU
		{1EEBF9E2-9869-4AE3-ACF6-53C8896D4F6C}.AppStore|iPhoneSimulator.ActiveCfg = Release|Any CPU
		{1EEBF9E2-9869-4AE3-ACF6-53C8896D4F6C}.AppStore|iPhoneSimulator.Build.0 = Release|Any CPU
		{1EEBF9E2-9869-4AE3-ACF6-53C8896D4F6C}.AppStore|x64.ActiveCfg = Release|Any CPU
		{1EEBF9E2-9869-4AE3-ACF6-53C8896D4F6C}.AppStore|x64.Build.0 = Release|Any CPU
		{1EEBF9E2-9869-4AE3-ACF6-53C8896D4F6C}.AppStore|x86.ActiveCfg = Release|Any CPU
		{1EEBF9E2-9869-4AE3-ACF6-53C8896D4F6C}.AppStore|x86.Build.0 = Release|Any CPU
		{1EEBF9E2-9869-4AE3-ACF6-53C8896D4F6C}.Debug|Any CPU.ActiveCfg = Debug|Any CPU
		{1EEBF9E2-9869-4AE3-ACF6-53C8896D4F6C}.Debug|Any CPU.Build.0 = Debug|Any CPU
		{1EEBF9E2-9869-4AE3-ACF6-53C8896D4F6C}.Debug|ARM.ActiveCfg = Debug|Any CPU
		{1EEBF9E2-9869-4AE3-ACF6-53C8896D4F6C}.Debug|ARM.Build.0 = Debug|Any CPU
		{1EEBF9E2-9869-4AE3-ACF6-53C8896D4F6C}.Debug|iPhone.ActiveCfg = Debug|Any CPU
		{1EEBF9E2-9869-4AE3-ACF6-53C8896D4F6C}.Debug|iPhone.Build.0 = Debug|Any CPU
		{1EEBF9E2-9869-4AE3-ACF6-53C8896D4F6C}.Debug|iPhoneSimulator.ActiveCfg = Debug|Any CPU
		{1EEBF9E2-9869-4AE3-ACF6-53C8896D4F6C}.Debug|iPhoneSimulator.Build.0 = Debug|Any CPU
		{1EEBF9E2-9869-4AE3-ACF6-53C8896D4F6C}.Debug|x64.ActiveCfg = Debug|Any CPU
		{1EEBF9E2-9869-4AE3-ACF6-53C8896D4F6C}.Debug|x64.Build.0 = Debug|Any CPU
		{1EEBF9E2-9869-4AE3-ACF6-53C8896D4F6C}.Debug|x86.ActiveCfg = Debug|Any CPU
		{1EEBF9E2-9869-4AE3-ACF6-53C8896D4F6C}.Debug|x86.Build.0 = Debug|Any CPU
		{1EEBF9E2-9869-4AE3-ACF6-53C8896D4F6C}.Release|Any CPU.ActiveCfg = Release|Any CPU
		{1EEBF9E2-9869-4AE3-ACF6-53C8896D4F6C}.Release|Any CPU.Build.0 = Release|Any CPU
		{1EEBF9E2-9869-4AE3-ACF6-53C8896D4F6C}.Release|ARM.ActiveCfg = Release|Any CPU
		{1EEBF9E2-9869-4AE3-ACF6-53C8896D4F6C}.Release|ARM.Build.0 = Release|Any CPU
		{1EEBF9E2-9869-4AE3-ACF6-53C8896D4F6C}.Release|iPhone.ActiveCfg = Release|Any CPU
		{1EEBF9E2-9869-4AE3-ACF6-53C8896D4F6C}.Release|iPhone.Build.0 = Release|Any CPU
		{1EEBF9E2-9869-4AE3-ACF6-53C8896D4F6C}.Release|iPhoneSimulator.ActiveCfg = Release|Any CPU
		{1EEBF9E2-9869-4AE3-ACF6-53C8896D4F6C}.Release|iPhoneSimulator.Build.0 = Release|Any CPU
		{1EEBF9E2-9869-4AE3-ACF6-53C8896D4F6C}.Release|x64.ActiveCfg = Release|Any CPU
		{1EEBF9E2-9869-4AE3-ACF6-53C8896D4F6C}.Release|x64.Build.0 = Release|Any CPU
		{1EEBF9E2-9869-4AE3-ACF6-53C8896D4F6C}.Release|x86.ActiveCfg = Release|Any CPU
		{1EEBF9E2-9869-4AE3-ACF6-53C8896D4F6C}.Release|x86.Build.0 = Release|Any CPU
	EndGlobalSection
	GlobalSection(SolutionProperties) = preSolution
		HideSolutionNode = FALSE
	EndGlobalSection
EndGlobal
